
Microsoft Visual Studio Solution File, Format Version 12.00
# Visual Studio Version 16
VisualStudioVersion = 16.0.31624.102
MinimumVisualStudioVersion = 10.0.40219.1
Project("{FAE04EC0-301F-11D3-BF4B-00C04F79EFBC}") = "NoUserspaceUndo", "NoUserspaceUndo\NoUserspaceUndo.csproj", "{2654DE36-E4F3-4CBC-8B86-6825421D492D}"
EndProject
Global
	GlobalSection(SolutionConfigurationPlatforms) = preSolution
		Debug|Any CPU = Debug|Any CPU
		Release|Any CPU = Release|Any CPU
	EndGlobalSection
	GlobalSection(ProjectConfigurationPlatforms) = postSolution
		{2654DE36-E4F3-4CBC-8B86-6825421D492D}.Debug|Any CPU.ActiveCfg = Debug|Any CPU
		{2654DE36-E4F3-4CBC-8B86-6825421D492D}.Debug|Any CPU.Build.0 = Debug|Any CPU
		{2654DE36-E4F3-4CBC-8B86-6825421D492D}.Release|Any CPU.ActiveCfg = Release|Any CPU
		{2654DE36-E4F3-4CBC-8B86-6825421D492D}.Release|Any CPU.Build.0 = Release|Any CPU
	EndGlobalSection
	GlobalSection(SolutionProperties) = preSolution
		HideSolutionNode = FALSE
	EndGlobalSection
	GlobalSection(ExtensibilityGlobals) = postSolution
		SolutionGuid = {F21D0306-7921-41CD-A820-3B5B235A6588}
	EndGlobalSection
EndGlobal
